// !$*UTF8*$!
{
	archiveVersion = 1;
	classes = {
	};
	objectVersion = 50;
	objects = {

/* Begin PBXBuildFile section */
		180D25A524A32FA500D7EF10 /* AppDelegate.swift in Sources */ = {isa = PBXBuildFile; fileRef = 180D25A424A32FA500D7EF10 /* AppDelegate.swift */; };
		180D25A724A32FA500D7EF10 /* SceneDelegate.swift in Sources */ = {isa = PBXBuildFile; fileRef = 180D25A624A32FA500D7EF10 /* SceneDelegate.swift */; };
		180D25A924A32FA500D7EF10 /* ViewController.swift in Sources */ = {isa = PBXBuildFile; fileRef = 180D25A824A32FA500D7EF10 /* ViewController.swift */; };
		180D25AC24A32FA500D7EF10 /* Main.storyboard in Resources */ = {isa = PBXBuildFile; fileRef = 180D25AA24A32FA500D7EF10 /* Main.storyboard */; };
		180D25AE24A32FA600D7EF10 /* Assets.xcassets in Resources */ = {isa = PBXBuildFile; fileRef = 180D25AD24A32FA600D7EF10 /* Assets.xcassets */; };
		180D25B124A32FA600D7EF10 /* LaunchScreen.storyboard in Resources */ = {isa = PBXBuildFile; fileRef = 180D25AF24A32FA600D7EF10 /* LaunchScreen.storyboard */; };
		180D25BB24A331DE00D7EF10 /* UrunViewController.swift in Sources */ = {isa = PBXBuildFile; fileRef = 180D25BA24A331DE00D7EF10 /* UrunViewController.swift */; };
		180D25BD24A331E900D7EF10 /* KasaViewController.swift in Sources */ = {isa = PBXBuildFile; fileRef = 180D25BC24A331E900D7EF10 /* KasaViewController.swift */; };
/* End PBXBuildFile section */

/* Begin PBXFileReference section */
		180D25A124A32FA500D7EF10 /* SayfalarArasiGecisKodIle.app */ = {isa = PBXFileReference; explicitFileType = wrapper.application; includeInIndex = 0; path = SayfalarArasiGecisKodIle.app; sourceTree = BUILT_PRODUCTS_DIR; };
		180D25A424A32FA500D7EF10 /* AppDelegate.swift */ = {isa = PBXFileReference; lastKnownFileType = sourcecode.swift; path = AppDelegate.swift; sourceTree = "<group>"; };
		180D25A624A32FA500D7EF10 /* SceneDelegate.swift */ = {isa = PBXFileReference; lastKnownFileType = sourcecode.swift; path = SceneDelegate.swift; sourceTree = "<group>"; };
		180D25A824A32FA500D7EF10 /* ViewController.swift */ = {isa = PBXFileReference; lastKnownFileType = sourcecode.swift; path = ViewController.swift; sourceTree = "<group>"; };
		180D25AB24A32FA500D7EF10 /* Base */ = {isa = PBXFileReference; lastKnownFileType = file.storyboard; name = Base; path = Base.lproj/Main.storyboard; sourceTree = "<group>"; };
		180D25AD24A32FA600D7EF10 /* Assets.xcassets */ = {isa = PBXFileReference; lastKnownFileType = folder.assetcatalog; path = Assets.xcassets; sourceTree = "<group>"; };
		180D25B024A32FA600D7EF10 /* Base */ = {isa = PBXFileReference; lastKnownFileType = file.storyboard; name = Base; path = Base.lproj/LaunchScreen.storyboard; sourceTree = "<group>"; };
		180D25B224A32FA600D7EF10 /* Info.plist */ = {isa = PBXFileReference; lastKnownFileType = text.plist.xml; path = Info.plist; sourceTree = "<group>"; };
		180D25BA24A331DE00D7EF10 /* UrunViewController.swift */ = {isa = PBXFileReference; lastKnownFileType = sourcecode.swift; path = UrunViewController.swift; sourceTree = "<group>"; };
		180D25BC24A331E900D7EF10 /* KasaViewController.swift */ = {isa = PBXFileReference; lastKnownFileType = sourcecode.swift; path = KasaViewController.swift; sourceTree = "<group>"; };
/* End PBXFileReference section */

/* Begin PBXFrameworksBuildPhase section */
		180D259E24A32FA500D7EF10 /* Frameworks */ = {
			isa = PBXFrameworksBuildPhase;
			buildActionMask = 2147483647;
			files = (
			);
			runOnlyForDeploymentPostprocessing = 0;
		};
/* End PBXFrameworksBuildPhase section */

/* Begin PBXGroup section */
		180D259824A32FA500D7EF10 = {
			isa = PBXGroup;
			children = (
				180D25A324A32FA500D7EF10 /* SayfalarArasiGecisKodIle */,
				180D25A224A32FA500D7EF10 /* Products */,
			);
			sourceTree = "<group>";
		};
		180D25A224A32FA500D7EF10 /* Products */ = {
			isa = PBXGroup;
			children = (
				180D25A124A32FA500D7EF10 /* SayfalarArasiGecisKodIle.app */,
			);
			name = Products;
			sourceTree = "<group>";
		};
		180D25A324A32FA500D7EF10 /* SayfalarArasiGecisKodIle */ = {
			isa = PBXGroup;
			children = (
				180D25B924A331CE00D7EF10 /* Kasa */,
				180D25B824A331C200D7EF10 /* Urun */,
				180D25A424A32FA500D7EF10 /* AppDelegate.swift */,
				180D25A624A32FA500D7EF10 /* SceneDelegate.swift */,
				180D25A824A32FA500D7EF10 /* ViewController.swift */,
				180D25AA24A32FA500D7EF10 /* Main.storyboard */,
				180D25AD24A32FA600D7EF10 /* Assets.xcassets */,
				180D25AF24A32FA600D7EF10 /* LaunchScreen.storyboard */,
				180D25B224A32FA600D7EF10 /* Info.plist */,
			);
			path = SayfalarArasiGecisKodIle;
			sourceTree = "<group>";
		};
		180D25B824A331C200D7EF10 /* Urun */ = {
			isa = PBXGroup;
			children = (
				180D25BA24A331DE00D7EF10 /* UrunViewController.swift */,
			);
			path = Urun;
			sourceTree = "<group>";
		};
		180D25B924A331CE00D7EF10 /* Kasa */ = {
			isa = PBXGroup;
			children = (
				180D25BC24A331E900D7EF10 /* KasaViewController.swift */,
			);
			path = Kasa;
			sourceTree = "<group>";
		};
/* End PBXGroup section */

/* Begin PBXNativeTarget section */
		180D25A024A32FA500D7EF10 /* SayfalarArasiGecisKodIle */ = {
			isa = PBXNativeTarget;
			buildConfigurationList = 180D25B524A32FA600D7EF10 /* Build configuration list for PBXNativeTarget "SayfalarArasiGecisKodIle" */;
			buildPhases = (
				180D259D24A32FA500D7EF10 /* Sources */,
				180D259E24A32FA500D7EF10 /* Frameworks */,
				180D259F24A32FA500D7EF10 /* Resources */,
			);
			buildRules = (
			);
			dependencies = (
			);
			name = SayfalarArasiGecisKodIle;
			productName = SayfalarArasiGecisKodIle;
			productReference = 180D25A124A32FA500D7EF10 /* SayfalarArasiGecisKodIle.app */;
			productType = "com.apple.product-type.application";
		};
/* End PBXNativeTarget section */

/* Begin PBXProject section */
		180D259924A32FA500D7EF10 /* Project object */ = {
			isa = PBXProject;
			attributes = {
				LastSwiftUpdateCheck = 1150;
				LastUpgradeCheck = 1150;
				ORGANIZATIONNAME = erdogan;
				TargetAttributes = {
					180D25A024A32FA500D7EF10 = {
						CreatedOnToolsVersion = 11.5;
					};
				};
			};
			buildConfigurationList = 180D259C24A32FA500D7EF10 /* Build configuration list for PBXProject "SayfalarArasiGecisKodIle" */;
			compatibilityVersion = "Xcode 9.3";
			developmentRegion = en;
			hasScannedForEncodings = 0;
			knownRegions = (
				en,
				Base,
			);
			mainGroup = 180D259824A32FA500D7EF10;
			productRefGroup = 180D25A224A32FA500D7EF10 /* Products */;
			projectDirPath = "";
			projectRoot = "";
			targets = (
				180D25A024A32FA500D7EF10 /* SayfalarArasiGecisKodIle */,
			);
		};
/* End PBXProject section */

/* Begin PBXResourcesBuildPhase section */
		180D259F24A32FA500D7EF10 /* Resources */ = {
			isa = PBXResourcesBuildPhase;
			buildActionMask = 2147483647;
			files = (
				180D25B124A32FA600D7EF10 /* LaunchScreen.storyboard in Resources */,
				180D25AE24A32FA600D7EF10 /* Assets.xcassets in Resources */,
				180D25AC24A32FA500D7EF10 /* Main.storyboard in Resources */,
			);
			runOnlyForDeploymentPostprocessing = 0;
		};
/* End PBXResourcesBuildPhase section */

/* Begin PBXSourcesBuildPhase section */
		180D259D24A32FA500D7EF10 /* Sources */ = {
			isa = PBXSourcesBuildPhase;
			buildActionMask = 2147483647;
			files = (
				180D25BB24A331DE00D7EF10 /* UrunViewController.swift in Sources */,
				180D25A924A32FA500D7EF10 /* ViewController.swift in Sources */,
				180D25A524A32FA500D7EF10 /* AppDelegate.swift in Sources */,
				180D25A724A32FA500D7EF10 /* SceneDelegate.swift in Sources */,
				180D25BD24A331E900D7EF10 /* KasaViewController.swift in Sources */,
			);
			runOnlyForDeploymentPostprocessing = 0;
		};
/* End PBXSourcesBuildPhase section */

/* Begin PBXVariantGroup section */
		180D25AA24A32FA500D7EF10 /* Main.storyboard */ = {
			isa = PBXVariantGroup;
			children = (
				180D25AB24A32FA500D7EF10 /* Base */,
			);
			name = Main.storyboard;
			sourceTree = "<group>";
		};
		180D25AF24A32FA600D7EF10 /* LaunchScreen.storyboard */ = {
			isa = PBXVariantGroup;
			children = (
				180D25B024A32FA600D7EF10 /* Base */,
			);
			name = LaunchScreen.storyboard;
			sourceTree = "<group>";
		};
/* End PBXVariantGroup section */

/* Begin XCBuildConfiguration section */
		180D25B324A32FA600D7EF10 /* Debug */ = {
			isa = XCBuildConfiguration;
			buildSettings = {
				ALWAYS_SEARCH_USER_PATHS = NO;
				CLANG_ANALYZER_NONNULL = YES;
				CLANG_ANALYZER_NUMBER_OBJECT_CONVERSION = YES_AGGRESSIVE;
				CLANG_CXX_LANGUAGE_STANDARD = "gnu++14";
				CLANG_CXX_LIBRARY = "libc++";
				CLANG_ENABLE_MODULES = YES;
				CLANG_ENABLE_OBJC_ARC = YES;
				CLANG_ENABLE_OBJC_WEAK = YES;
				CLANG_WARN_BLOCK_CAPTURE_AUTORELEASING = YES;
				CLANG_WARN_BOOL_CONVERSION = YES;
				CLANG_WARN_COMMA = YES;
				CLANG_WARN_CONSTANT_CONVERSION = YES;
				CLANG_WARN_DEPRECATED_OBJC_IMPLEMENTATIONS = YES;
				CLANG_WARN_DIRECT_OBJC_ISA_USAGE = YES_ERROR;
				CLANG_WARN_DOCUMENTATION_COMMENTS = YES;
				CLANG_WARN_EMPTY_BODY = YES;
				CLANG_WARN_ENUM_CONVERSION = YES;
				CLANG_WARN_INFINITE_RECURSION = YES;
				CLANG_WARN_INT_CONVERSION = YES;
				CLANG_WARN_NON_LITERAL_NULL_CONVERSION = YES;
				CLANG_WARN_OBJC_IMPLICIT_RETAIN_SELF = YES;
				CLANG_WARN_OBJC_LITERAL_CONVERSION = YES;
				CLANG_WARN_OBJC_ROOT_CLASS = YES_ERROR;
				CLANG_WARN_RANGE_LOOP_ANALYSIS = YES;
				CLANG_WARN_STRICT_PROTOTYPES = YES;
				CLANG_WARN_SUSPICIOUS_MOVE = YES;
				CLANG_WARN_UNGUARDED_AVAILABILITY = YES_AGGRESSIVE;
				CLANG_WARN_UNREACHABLE_CODE = YES;
				CLANG_WARN__DUPLICATE_METHOD_MATCH = YES;
				COPY_PHASE_STRIP = NO;
				DEBUG_INFORMATION_FORMAT = dwarf;
				ENABLE_STRICT_OBJC_MSGSEND = YES;
				ENABLE_TESTABILITY = YES;
				GCC_C_LANGUAGE_STANDARD = gnu11;
				GCC_DYNAMIC_NO_PIC = NO;
				GCC_NO_COMMON_BLOCKS = YES;
				GCC_OPTIMIZATION_LEVEL = 0;
				GCC_PREPROCESSOR_DEFINITIONS = (
					"DEBUG=1",
					"$(inherited)",
				);
				GCC_WARN_64_TO_32_BIT_CONVERSION = YES;
				GCC_WARN_ABOUT_RETURN_TYPE = YES_ERROR;
				GCC_WARN_UNDECLARED_SELECTOR = YES;
				GCC_WARN_UNINITIALIZED_AUTOS = YES_AGGRESSIVE;
				GCC_WARN_UNUSED_FUNCTION = YES;
				GCC_WARN_UNUSED_VARIABLE = YES;
				IPHONEOS_DEPLOYMENT_TARGET = 13.5;
				MTL_ENABLE_DEBUG_INFO = INCLUDE_SOURCE;
				MTL_FAST_MATH = YES;
				ONLY_ACTIVE_ARCH = YES;
				SDKROOT = iphoneos;
				SWIFT_ACTIVE_COMPILATION_CONDITIONS = DEBUG;
				SWIFT_OPTIMIZATION_LEVEL = "-Onone";
			};
			name = Debug;
		};
		180D25B424A32FA600D7EF10 /* Release */ = {
			isa = XCBuildConfiguration;
			buildSettings = {
				ALWAYS_SEARCH_USER_PATHS = NO;
				CLANG_ANALYZER_NONNULL = YES;
				CLANG_ANALYZER_NUMBER_OBJECT_CONVERSION = YES_AGGRESSIVE;
				CLANG_CXX_LANGUAGE_STANDARD = "gnu++14";
				CLANG_CXX_LIBRARY = "libc++";
				CLANG_ENABLE_MODULES = YES;
				CLANG_ENABLE_OBJC_ARC = YES;
				CLANG_ENABLE_OBJC_WEAK = YES;
				CLANG_WARN_BLOCK_CAPTURE_AUTORELEASING = YES;
				CLANG_WARN_BOOL_CONVERSION = YES;
				CLANG_WARN_COMMA = YES;
				CLANG_WARN_CONSTANT_CONVERSION = YES;
				CLANG_WARN_DEPRECATED_OBJC_IMPLEMENTATIONS = YES;
				CLANG_WARN_DIRECT_OBJC_ISA_USAGE = YES_ERROR;
				CLANG_WARN_DOCUMENTATION_COMMENTS = YES;
				CLANG_WARN_EMPTY_BODY = YES;
				CLANG_WARN_ENUM_CONVERSION = YES;
				CLANG_WARN_INFINITE_RECURSION = YES;
				CLANG_WARN_INT_CONVERSION = YES;
				CLANG_WARN_NON_LITERAL_NULL_CONVERSION = YES;
				CLANG_WARN_OBJC_IMPLICIT_RETAIN_SELF = YES;
				CLANG_WARN_OBJC_LITERAL_CONVERSION = YES;
				CLANG_WARN_OBJC_ROOT_CLASS = YES_ERROR;
				CLANG_WARN_RANGE_LOOP_ANALYSIS = YES;
				CLANG_WARN_STRICT_PROTOTYPES = YES;
				CLANG_WARN_SUSPICIOUS_MOVE = YES;
				CLANG_WARN_UNGUARDED_AVAILABILITY = YES_AGGRESSIVE;
				CLANG_WARN_UNREACHABLE_CODE = YES;
				CLANG_WARN__DUPLICATE_METHOD_MATCH = YES;
				COPY_PHASE_STRIP = NO;
				DEBUG_INFORMATION_FORMAT = "dwarf-with-dsym";
				ENABLE_NS_ASSERTIONS = NO;
				ENABLE_STRICT_OBJC_MSGSEND = YES;
				GCC_C_LANGUAGE_STANDARD = gnu11;
				GCC_NO_COMMON_BLOCKS = YES;
				GCC_WARN_64_TO_32_BIT_CONVERSION = YES;
				GCC_WARN_ABOUT_RETURN_TYPE = YES_ERROR;
				GCC_WARN_UNDECLARED_SELECTOR = YES;
				GCC_WARN_UNINITIALIZED_AUTOS = YES_AGGRESSIVE;
				GCC_WARN_UNUSED_FUNCTION = YES;
				GCC_WARN_UNUSED_VARIABLE = YES;
				IPHONEOS_DEPLOYMENT_TARGET = 13.5;
				MTL_ENABLE_DEBUG_INFO = NO;
				MTL_FAST_MATH = YES;
				SDKROOT = iphoneos;
				SWIFT_COMPILATION_MODE = wholemodule;
				SWIFT_OPTIMIZATION_LEVEL = "-O";
				VALIDATE_PRODUCT = YES;
			};
			name = Release;
		};
		180D25B624A32FA600D7EF10 /* Debug */ = {
			isa = XCBuildConfiguration;
			buildSettings = {
				ASSETCATALOG_COMPILER_APPICON_NAME = AppIcon;
				CODE_SIGN_STYLE = Automatic;
				DEVELOPMENT_TEAM = NPT24FZCGK;
				INFOPLIST_FILE = SayfalarArasiGecisKodIle/Info.plist;
				LD_RUNPATH_SEARCH_PATHS = (
					"$(inherited)",
					"@executable_path/Frameworks",
				);
				PRODUCT_BUNDLE_IDENTIFIER = com.erdogan.SayfalarArasiGecisKodIle;
				PRODUCT_NAME = "$(TARGET_NAME)";
				SWIFT_VERSION = 5.0;
				TARGETED_DEVICE_FAMILY = "1,2";
			};
			name = Debug;
		};
		180D25B724A32FA600D7EF10 /* Release */ = {
			isa = XCBuildConfiguration;
			buildSettings = {
				ASSETCATALOG_COMPILER_APPICON_NAME = AppIcon;
				CODE_SIGN_STYLE = Automatic;
				DEVELOPMENT_TEAM = NPT24FZCGK;
				INFOPLIST_FILE = SayfalarArasiGecisKodIle/Info.plist;
				LD_RUNPATH_SEARCH_PATHS = (
					"$(inherited)",
					"@executable_path/Frameworks",
				);
				PRODUCT_BUNDLE_IDENTIFIER = com.erdogan.SayfalarArasiGecisKodIle;
				PRODUCT_NAME = "$(TARGET_NAME)";
				SWIFT_VERSION = 5.0;
				TARGETED_DEVICE_FAMILY = "1,2";
			};
			name = Release;
		};
/* End XCBuildConfiguration section */

/* Begin XCConfigurationList section */
		180D259C24A32FA500D7EF10 /* Build configuration list for PBXProject "SayfalarArasiGecisKodIle" */ = {
			isa = XCConfigurationList;
			buildConfigurations = (
				180D25B324A32FA600D7EF10 /* Debug */,
				180D25B424A32FA600D7EF10 /* Release */,
			);
			defaultConfigurationIsVisible = 0;
			defaultConfigurationName = Release;
		};
		180D25B524A32FA600D7EF10 /* Build configuration list for PBXNativeTarget "SayfalarArasiGecisKodIle" */ = {
			isa = XCConfigurationList;
			buildConfigurations = (
				180D25B624A32FA600D7EF10 /* Debug */,
				180D25B724A32FA600D7EF10 /* Release */,
			);
			defaultConfigurationIsVisible = 0;
			defaultConfigurationName = Release;
		};
/* End XCConfigurationList section */
	};
	rootObject = 180D259924A32FA500D7EF10 /* Project object */;
}
